
Microsoft Visual Studio Solution File, Format Version 12.00
# Visual Studio Version 17
VisualStudioVersion = 17.13.35825.156 d17.13
MinimumVisualStudioVersion = 10.0.40219.1
Project("{FAE04EC0-301F-11D3-BF4B-00C04F79EFBC}") = "NPC File Browser", "NPC File Browser\NPC File Browser.csproj", "{40217186-D4CD-4063-AC9E-945D7568D728}"
EndProject
Global
	GlobalSection(SolutionConfigurationPlatforms) = preSolution
		Debug|Any CPU = Debug|Any CPU
		Release|Any CPU = Release|Any CPU
	EndGlobalSection
	GlobalSection(ProjectConfigurationPlatforms) = postSolution
		{40217186-D4CD-4063-AC9E-945D7568D728}.Debug|Any CPU.ActiveCfg = Debug|Any CPU
		{40217186-D4CD-4063-AC9E-945D7568D728}.Debug|Any CPU.Build.0 = Debug|Any CPU
		{40217186-D4CD-4063-AC9E-945D7568D728}.Release|Any CPU.ActiveCfg = Release|Any CPU
		{40217186-D4CD-4063-AC9E-945D7568D728}.Release|Any CPU.Build.0 = Release|Any CPU
	EndGlobalSection
	GlobalSection(SolutionProperties) = preSolution
		HideSolutionNode = FALSE
	EndGlobalSection
	GlobalSection(ExtensibilityGlobals) = postSolution
		SolutionGuid = {5C5D1431-D4E8-4D77-B8A0-6A23F5A9A48E}
	EndGlobalSection
EndGlobal
